
Microsoft Visual Studio Solution File, Format Version 12.00
# Visual Studio Version 17
VisualStudioVersion = 17.6.33815.320
MinimumVisualStudioVersion = 10.0.40219.1
Project("{9A19103F-16F7-4668-BE54-9A1E7A4F7556}") = "Pokedex.Core", "Pokedex.Core\Pokedex.Core.csproj", "{834555F5-1BBB-40A6-8AC7-5316F8F26949}"
EndProject
Project("{9A19103F-16F7-4668-BE54-9A1E7A4F7556}") = "Pokedex.Repository", "Pokedex.Repository\Pokedex.Repository.csproj", "{9E99110C-C996-46CB-A0A5-1F247FEBD4C8}"
EndProject
Project("{9A19103F-16F7-4668-BE54-9A1E7A4F7556}") = "Pokedex.Service", "Pokedex.Service\Pokedex.Service.csproj", "{A3327018-AE20-4B5F-A826-924EF76431B6}"
EndProject
Project("{9A19103F-16F7-4668-BE54-9A1E7A4F7556}") = "Pokedex.API", "Pokedex.API\Pokedex.API.csproj", "{CEA7D3B5-5EA4-4968-A5F5-0BDE1588DD1F}"
EndProject
Project("{FAE04EC0-301F-11D3-BF4B-00C04F79EFBC}") = "Pokedex.Domain", "Pokedex.Domain\Pokedex.Domain.csproj", "{20554B41-16EC-4370-8009-B5B36CBB4849}"
EndProject
Global
	GlobalSection(SolutionConfigurationPlatforms) = preSolution
		Debug|Any CPU = Debug|Any CPU
		Release|Any CPU = Release|Any CPU
	EndGlobalSection
	GlobalSection(ProjectConfigurationPlatforms) = postSolution
		{834555F5-1BBB-40A6-8AC7-5316F8F26949}.Debug|Any CPU.ActiveCfg = Debug|Any CPU
		{834555F5-1BBB-40A6-8AC7-5316F8F26949}.Debug|Any CPU.Build.0 = Debug|Any CPU
		{834555F5-1BBB-40A6-8AC7-5316F8F26949}.Release|Any CPU.ActiveCfg = Release|Any CPU
		{834555F5-1BBB-40A6-8AC7-5316F8F26949}.Release|Any CPU.Build.0 = Release|Any CPU
		{9E99110C-C996-46CB-A0A5-1F247FEBD4C8}.Debug|Any CPU.ActiveCfg = Debug|Any CPU
		{9E99110C-C996-46CB-A0A5-1F247FEBD4C8}.Debug|Any CPU.Build.0 = Debug|Any CPU
		{9E99110C-C996-46CB-A0A5-1F247FEBD4C8}.Release|Any CPU.ActiveCfg = Release|Any CPU
		{9E99110C-C996-46CB-A0A5-1F247FEBD4C8}.Release|Any CPU.Build.0 = Release|Any CPU
		{A3327018-AE20-4B5F-A826-924EF76431B6}.Debug|Any CPU.ActiveCfg = Debug|Any CPU
		{A3327018-AE20-4B5F-A826-924EF76431B6}.Debug|Any CPU.Build.0 = Debug|Any CPU
		{A3327018-AE20-4B5F-A826-924EF76431B6}.Release|Any CPU.ActiveCfg = Release|Any CPU
		{A3327018-AE20-4B5F-A826-924EF76431B6}.Release|Any CPU.Build.0 = Release|Any CPU
		{CEA7D3B5-5EA4-4968-A5F5-0BDE1588DD1F}.Debug|Any CPU.ActiveCfg = Debug|Any CPU
		{CEA7D3B5-5EA4-4968-A5F5-0BDE1588DD1F}.Debug|Any CPU.Build.0 = Debug|Any CPU
		{CEA7D3B5-5EA4-4968-A5F5-0BDE1588DD1F}.Release|Any CPU.ActiveCfg = Release|Any CPU
		{CEA7D3B5-5EA4-4968-A5F5-0BDE1588DD1F}.Release|Any CPU.Build.0 = Release|Any CPU
		{20554B41-16EC-4370-8009-B5B36CBB4849}.Debug|Any CPU.ActiveCfg = Debug|Any CPU
		{20554B41-16EC-4370-8009-B5B36CBB4849}.Debug|Any CPU.Build.0 = Debug|Any CPU
		{20554B41-16EC-4370-8009-B5B36CBB4849}.Release|Any CPU.ActiveCfg = Release|Any CPU
		{20554B41-16EC-4370-8009-B5B36CBB4849}.Release|Any CPU.Build.0 = Release|Any CPU
	EndGlobalSection
	GlobalSection(SolutionProperties) = preSolution
		HideSolutionNode = FALSE
	EndGlobalSection
	GlobalSection(ExtensibilityGlobals) = postSolution
		SolutionGuid = {C9C67B5C-5405-45B6-9C6B-8470DEB46655}
	EndGlobalSection
EndGlobal
